
Microsoft Visual Studio Solution File, Format Version 12.00
Project("{FAE04EC0-301F-11D3-BF4B-00C04F79EFBC}") = "Calculator_tests1", "Calculator_tests1\Calculator_tests1.csproj", "{B2B9EEDA-9B27-43BF-8D4A-F01B213F7340}"
EndProject
Project("{FAE04EC0-301F-11D3-BF4B-00C04F79EFBC}") = "Homework_1", "Homework_1\Homework_1.csproj", "{DBFBF91D-64D4-45BE-A0C4-9F4F335495F3}"
EndProject
Project("{F2A71F9B-5D33-465A-A702-920D77279786}") = "F_Calculator", "Homework_4\F_Calculator\F_Calculator.fsproj", "{23EDC0AA-CB3F-45E8-8B73-DD0CBAC84C73}"
EndProject
Global
	GlobalSection(SolutionConfigurationPlatforms) = preSolution
		Debug|Any CPU = Debug|Any CPU
		Release|Any CPU = Release|Any CPU
	EndGlobalSection
	GlobalSection(ProjectConfigurationPlatforms) = postSolution
		{B2B9EEDA-9B27-43BF-8D4A-F01B213F7340}.Debug|Any CPU.ActiveCfg = Debug|Any CPU
		{B2B9EEDA-9B27-43BF-8D4A-F01B213F7340}.Debug|Any CPU.Build.0 = Debug|Any CPU
		{B2B9EEDA-9B27-43BF-8D4A-F01B213F7340}.Release|Any CPU.ActiveCfg = Release|Any CPU
		{B2B9EEDA-9B27-43BF-8D4A-F01B213F7340}.Release|Any CPU.Build.0 = Release|Any CPU
		{DBFBF91D-64D4-45BE-A0C4-9F4F335495F3}.Debug|Any CPU.ActiveCfg = Debug|Any CPU
		{DBFBF91D-64D4-45BE-A0C4-9F4F335495F3}.Debug|Any CPU.Build.0 = Debug|Any CPU
		{DBFBF91D-64D4-45BE-A0C4-9F4F335495F3}.Release|Any CPU.ActiveCfg = Release|Any CPU
		{DBFBF91D-64D4-45BE-A0C4-9F4F335495F3}.Release|Any CPU.Build.0 = Release|Any CPU
		{23EDC0AA-CB3F-45E8-8B73-DD0CBAC84C73}.Debug|Any CPU.ActiveCfg = Debug|Any CPU
		{23EDC0AA-CB3F-45E8-8B73-DD0CBAC84C73}.Debug|Any CPU.Build.0 = Debug|Any CPU
		{23EDC0AA-CB3F-45E8-8B73-DD0CBAC84C73}.Release|Any CPU.ActiveCfg = Release|Any CPU
		{23EDC0AA-CB3F-45E8-8B73-DD0CBAC84C73}.Release|Any CPU.Build.0 = Release|Any CPU
	EndGlobalSection
EndGlobal
