
Microsoft Visual Studio Solution File, Format Version 12.00
Project("{FAE04EC0-301F-11D3-BF4B-00C04F79EFBC}") = "Home_work_1", "Home_work_1\Home_work_1\Home_work_1.csproj", "{B78FB486-9A12-4995-8BCA-F791F831126E}"
EndProject
Project("{FAE04EC0-301F-11D3-BF4B-00C04F79EFBC}") = "Calculator_tests", "Home_work_1\Calculator_tests\Calculator_tests.csproj", "{1D7CDCB5-F24B-4041-8704-D724A64FD53A}"
EndProject
Global
	GlobalSection(SolutionConfigurationPlatforms) = preSolution
		Debug|Any CPU = Debug|Any CPU
		Release|Any CPU = Release|Any CPU
	EndGlobalSection
	GlobalSection(ProjectConfigurationPlatforms) = postSolution
		{B78FB486-9A12-4995-8BCA-F791F831126E}.Debug|Any CPU.ActiveCfg = Debug|Any CPU
		{B78FB486-9A12-4995-8BCA-F791F831126E}.Debug|Any CPU.Build.0 = Debug|Any CPU
		{B78FB486-9A12-4995-8BCA-F791F831126E}.Release|Any CPU.ActiveCfg = Release|Any CPU
		{B78FB486-9A12-4995-8BCA-F791F831126E}.Release|Any CPU.Build.0 = Release|Any CPU
		{1D7CDCB5-F24B-4041-8704-D724A64FD53A}.Debug|Any CPU.ActiveCfg = Debug|Any CPU
		{1D7CDCB5-F24B-4041-8704-D724A64FD53A}.Debug|Any CPU.Build.0 = Debug|Any CPU
		{1D7CDCB5-F24B-4041-8704-D724A64FD53A}.Release|Any CPU.ActiveCfg = Release|Any CPU
		{1D7CDCB5-F24B-4041-8704-D724A64FD53A}.Release|Any CPU.Build.0 = Release|Any CPU
	EndGlobalSection
EndGlobal
